// !$*UTF8*$!
{
	archiveVersion = 1;
	classes = {
	};
	objectVersion = 56;
	objects = {

/* Begin PBXBuildFile section */
		62A6CE512955909E00909C8B /* AppDelegate.swift in Sources */ = {isa = PBXBuildFile; fileRef = 62A6CE502955909E00909C8B /* AppDelegate.swift */; };
		62A6CE532955909E00909C8B /* SceneDelegate.swift in Sources */ = {isa = PBXBuildFile; fileRef = 62A6CE522955909E00909C8B /* SceneDelegate.swift */; };
		62A6CE552955909E00909C8B /* NotesViewController.swift in Sources */ = {isa = PBXBuildFile; fileRef = 62A6CE542955909E00909C8B /* NotesViewController.swift */; };
		62A6CE5A295590A600909C8B /* Assets.xcassets in Resources */ = {isa = PBXBuildFile; fileRef = 62A6CE59295590A600909C8B /* Assets.xcassets */; };
		62A6CE5D295590A600909C8B /* LaunchScreen.storyboard in Resources */ = {isa = PBXBuildFile; fileRef = 62A6CE5B295590A600909C8B /* LaunchScreen.storyboard */; };
		62A6CE652955945B00909C8B /* Support.swift in Sources */ = {isa = PBXBuildFile; fileRef = 62A6CE642955945B00909C8B /* Support.swift */; };
		62A6CE682955E11900909C8B /* NotesStore.swift in Sources */ = {isa = PBXBuildFile; fileRef = 62A6CE672955E11900909C8B /* NotesStore.swift */; };
		62A6CE6B2955E41900909C8B /* ProgressViewCell.swift in Sources */ = {isa = PBXBuildFile; fileRef = 62A6CE6A2955E41900909C8B /* ProgressViewCell.swift */; };
		62A6CE6D2955E4A700909C8B /* NotesCollectionViewCell.swift in Sources */ = {isa = PBXBuildFile; fileRef = 62A6CE6C2955E4A700909C8B /* NotesCollectionViewCell.swift */; };
		62A6CE6F2955E71F00909C8B /* NoteViewController.swift in Sources */ = {isa = PBXBuildFile; fileRef = 62A6CE6E2955E71F00909C8B /* NoteViewController.swift */; };
		62A6CE712959FE9C00909C8B /* MainTabBarViewController.swift in Sources */ = {isa = PBXBuildFile; fileRef = 62A6CE702959FE9C00909C8B /* MainTabBarViewController.swift */; };
		62A6CE74295B54BF00909C8B /* SnapKit in Frameworks */ = {isa = PBXBuildFile; productRef = 62A6CE73295B54BF00909C8B /* SnapKit */; };
		62A6CE76295B5A7400909C8B /* NetworkManager.swift in Sources */ = {isa = PBXBuildFile; fileRef = 62A6CE75295B5A7400909C8B /* NetworkManager.swift */; };
		62A6CE79295B5A8B00909C8B /* ModelPhotos.swift in Sources */ = {isa = PBXBuildFile; fileRef = 62A6CE78295B5A8B00909C8B /* ModelPhotos.swift */; };
		62A6CE7B295B5A9900909C8B /* ImageManager.swift in Sources */ = {isa = PBXBuildFile; fileRef = 62A6CE7A295B5A9900909C8B /* ImageManager.swift */; };
		62A6CE7D295B5AA400909C8B /* ConfigureImage.swift in Sources */ = {isa = PBXBuildFile; fileRef = 62A6CE7C295B5AA400909C8B /* ConfigureImage.swift */; };
		62A6CE7F295B5B1200909C8B /* PhotoViewController.swift in Sources */ = {isa = PBXBuildFile; fileRef = 62A6CE7E295B5B1200909C8B /* PhotoViewController.swift */; };
		62A6CE82295B61DF00909C8B /* PhotoCollectionViewCell.swift in Sources */ = {isa = PBXBuildFile; fileRef = 62A6CE81295B61DF00909C8B /* PhotoCollectionViewCell.swift */; };
		62A6CE85295E065800909C8B /* PhotoPresenter.swift in Sources */ = {isa = PBXBuildFile; fileRef = 62A6CE84295E065800909C8B /* PhotoPresenter.swift */; };
		62A6CE87295E067300909C8B /* PhotoInteractor.swift in Sources */ = {isa = PBXBuildFile; fileRef = 62A6CE86295E067300909C8B /* PhotoInteractor.swift */; };
		62A6CE89295E068A00909C8B /* PhotoRouter.swift in Sources */ = {isa = PBXBuildFile; fileRef = 62A6CE88295E068A00909C8B /* PhotoRouter.swift */; };
		62A6CE8B295E06A100909C8B /* PhotoConfigurator.swift in Sources */ = {isa = PBXBuildFile; fileRef = 62A6CE8A295E06A100909C8B /* PhotoConfigurator.swift */; };
		62A6CE91295E076800909C8B /* DetailViewController.swift in Sources */ = {isa = PBXBuildFile; fileRef = 62A6CE90295E076800909C8B /* DetailViewController.swift */; };
		62A6CE93295E078900909C8B /* DetailPresenter.swift in Sources */ = {isa = PBXBuildFile; fileRef = 62A6CE92295E078900909C8B /* DetailPresenter.swift */; };
		62A6CE95295E079E00909C8B /* DetailInteractor.swift in Sources */ = {isa = PBXBuildFile; fileRef = 62A6CE94295E079E00909C8B /* DetailInteractor.swift */; };
		62A6CE97295E07C100909C8B /* DetailConfigurator.swift in Sources */ = {isa = PBXBuildFile; fileRef = 62A6CE96295E07C100909C8B /* DetailConfigurator.swift */; };
		62A6CE99295E07DD00909C8B /* DetailEntity.swift in Sources */ = {isa = PBXBuildFile; fileRef = 62A6CE98295E07DD00909C8B /* DetailEntity.swift */; };
		62DBA7E82966F2FF00362287 /* MapViewController.swift in Sources */ = {isa = PBXBuildFile; fileRef = 62DBA7E72966F2FF00362287 /* MapViewController.swift */; };
/* End PBXBuildFile section */

/* Begin PBXFileReference section */
		62A6CE4D2955909E00909C8B /* mySpace.app */ = {isa = PBXFileReference; explicitFileType = wrapper.application; includeInIndex = 0; path = mySpace.app; sourceTree = BUILT_PRODUCTS_DIR; };
		62A6CE502955909E00909C8B /* AppDelegate.swift */ = {isa = PBXFileReference; lastKnownFileType = sourcecode.swift; path = AppDelegate.swift; sourceTree = "<group>"; };
		62A6CE522955909E00909C8B /* SceneDelegate.swift */ = {isa = PBXFileReference; lastKnownFileType = sourcecode.swift; path = SceneDelegate.swift; sourceTree = "<group>"; };
		62A6CE542955909E00909C8B /* NotesViewController.swift */ = {isa = PBXFileReference; lastKnownFileType = sourcecode.swift; path = NotesViewController.swift; sourceTree = "<group>"; };
		62A6CE59295590A600909C8B /* Assets.xcassets */ = {isa = PBXFileReference; lastKnownFileType = folder.assetcatalog; path = Assets.xcassets; sourceTree = "<group>"; };
		62A6CE5C295590A600909C8B /* Base */ = {isa = PBXFileReference; lastKnownFileType = file.storyboard; name = Base; path = Base.lproj/LaunchScreen.storyboard; sourceTree = "<group>"; };
		62A6CE5E295590A600909C8B /* Info.plist */ = {isa = PBXFileReference; lastKnownFileType = text.plist.xml; path = Info.plist; sourceTree = "<group>"; };
		62A6CE642955945B00909C8B /* Support.swift */ = {isa = PBXFileReference; lastKnownFileType = sourcecode.swift; path = Support.swift; sourceTree = "<group>"; };
		62A6CE672955E11900909C8B /* NotesStore.swift */ = {isa = PBXFileReference; lastKnownFileType = sourcecode.swift; path = NotesStore.swift; sourceTree = "<group>"; };
		62A6CE6A2955E41900909C8B /* ProgressViewCell.swift */ = {isa = PBXFileReference; lastKnownFileType = sourcecode.swift; path = ProgressViewCell.swift; sourceTree = "<group>"; };
		62A6CE6C2955E4A700909C8B /* NotesCollectionViewCell.swift */ = {isa = PBXFileReference; lastKnownFileType = sourcecode.swift; path = NotesCollectionViewCell.swift; sourceTree = "<group>"; };
		62A6CE6E2955E71F00909C8B /* NoteViewController.swift */ = {isa = PBXFileReference; lastKnownFileType = sourcecode.swift; path = NoteViewController.swift; sourceTree = "<group>"; };
		62A6CE702959FE9C00909C8B /* MainTabBarViewController.swift */ = {isa = PBXFileReference; lastKnownFileType = sourcecode.swift; path = MainTabBarViewController.swift; sourceTree = "<group>"; };
		62A6CE75295B5A7400909C8B /* NetworkManager.swift */ = {isa = PBXFileReference; lastKnownFileType = sourcecode.swift; path = NetworkManager.swift; sourceTree = "<group>"; };
		62A6CE78295B5A8B00909C8B /* ModelPhotos.swift */ = {isa = PBXFileReference; lastKnownFileType = sourcecode.swift; path = ModelPhotos.swift; sourceTree = "<group>"; };
		62A6CE7A295B5A9900909C8B /* ImageManager.swift */ = {isa = PBXFileReference; lastKnownFileType = sourcecode.swift; path = ImageManager.swift; sourceTree = "<group>"; };
		62A6CE7C295B5AA400909C8B /* ConfigureImage.swift */ = {isa = PBXFileReference; lastKnownFileType = sourcecode.swift; path = ConfigureImage.swift; sourceTree = "<group>"; };
		62A6CE7E295B5B1200909C8B /* PhotoViewController.swift */ = {isa = PBXFileReference; lastKnownFileType = sourcecode.swift; path = PhotoViewController.swift; sourceTree = "<group>"; };
		62A6CE81295B61DF00909C8B /* PhotoCollectionViewCell.swift */ = {isa = PBXFileReference; lastKnownFileType = sourcecode.swift; path = PhotoCollectionViewCell.swift; sourceTree = "<group>"; };
		62A6CE84295E065800909C8B /* PhotoPresenter.swift */ = {isa = PBXFileReference; lastKnownFileType = sourcecode.swift; path = PhotoPresenter.swift; sourceTree = "<group>"; };
		62A6CE86295E067300909C8B /* PhotoInteractor.swift */ = {isa = PBXFileReference; lastKnownFileType = sourcecode.swift; path = PhotoInteractor.swift; sourceTree = "<group>"; };
		62A6CE88295E068A00909C8B /* PhotoRouter.swift */ = {isa = PBXFileReference; lastKnownFileType = sourcecode.swift; path = PhotoRouter.swift; sourceTree = "<group>"; };
		62A6CE8A295E06A100909C8B /* PhotoConfigurator.swift */ = {isa = PBXFileReference; lastKnownFileType = sourcecode.swift; path = PhotoConfigurator.swift; sourceTree = "<group>"; };
		62A6CE90295E076800909C8B /* DetailViewController.swift */ = {isa = PBXFileReference; lastKnownFileType = sourcecode.swift; path = DetailViewController.swift; sourceTree = "<group>"; };
		62A6CE92295E078900909C8B /* DetailPresenter.swift */ = {isa = PBXFileReference; lastKnownFileType = sourcecode.swift; path = DetailPresenter.swift; sourceTree = "<group>"; };
		62A6CE94295E079E00909C8B /* DetailInteractor.swift */ = {isa = PBXFileReference; lastKnownFileType = sourcecode.swift; path = DetailInteractor.swift; sourceTree = "<group>"; };
		62A6CE96295E07C100909C8B /* DetailConfigurator.swift */ = {isa = PBXFileReference; lastKnownFileType = sourcecode.swift; path = DetailConfigurator.swift; sourceTree = "<group>"; };
		62A6CE98295E07DD00909C8B /* DetailEntity.swift */ = {isa = PBXFileReference; lastKnownFileType = sourcecode.swift; path = DetailEntity.swift; sourceTree = "<group>"; };
		62DBA7E72966F2FF00362287 /* MapViewController.swift */ = {isa = PBXFileReference; lastKnownFileType = sourcecode.swift; path = MapViewController.swift; sourceTree = "<group>"; };
/* End PBXFileReference section */

/* Begin PBXFrameworksBuildPhase section */
		62A6CE4A2955909E00909C8B /* Frameworks */ = {
			isa = PBXFrameworksBuildPhase;
			buildActionMask = 2147483647;
			files = (
				62A6CE74295B54BF00909C8B /* SnapKit in Frameworks */,
			);
			runOnlyForDeploymentPostprocessing = 0;
		};
/* End PBXFrameworksBuildPhase section */

/* Begin PBXGroup section */
		62A6CE442955909E00909C8B = {
			isa = PBXGroup;
			children = (
				62A6CE4F2955909E00909C8B /* mySpace */,
				62A6CE4E2955909E00909C8B /* Products */,
			);
			sourceTree = "<group>";
		};
		62A6CE4E2955909E00909C8B /* Products */ = {
			isa = PBXGroup;
			children = (
				62A6CE4D2955909E00909C8B /* mySpace.app */,
			);
			name = Products;
			sourceTree = "<group>";
		};
		62A6CE4F2955909E00909C8B /* mySpace */ = {
			isa = PBXGroup;
			children = (
				62A6CE502955909E00909C8B /* AppDelegate.swift */,
				62A6CE522955909E00909C8B /* SceneDelegate.swift */,
				62A6CE702959FE9C00909C8B /* MainTabBarViewController.swift */,
				62A6CE77295B5A7800909C8B /* Network */,
				62A6CE80295B5B2000909C8B /* Photos */,
				62A6CE662955DE6400909C8B /* Notes */,
				62DBA7E92966F30B00362287 /* Map */,
				62A6CE692955E14200909C8B /* Supports */,
				62A6CE59295590A600909C8B /* Assets.xcassets */,
				62A6CE5B295590A600909C8B /* LaunchScreen.storyboard */,
				62A6CE5E295590A600909C8B /* Info.plist */,
			);
			path = mySpace;
			sourceTree = "<group>";
		};
		62A6CE662955DE6400909C8B /* Notes */ = {
			isa = PBXGroup;
			children = (
				62A6CE542955909E00909C8B /* NotesViewController.swift */,
				62A6CE6E2955E71F00909C8B /* NoteViewController.swift */,
				62A6CE6A2955E41900909C8B /* ProgressViewCell.swift */,
				62A6CE6C2955E4A700909C8B /* NotesCollectionViewCell.swift */,
			);
			path = Notes;
			sourceTree = "<group>";
		};
		62A6CE692955E14200909C8B /* Supports */ = {
			isa = PBXGroup;
			children = (
				62A6CE642955945B00909C8B /* Support.swift */,
				62A6CE672955E11900909C8B /* NotesStore.swift */,
			);
			path = Supports;
			sourceTree = "<group>";
		};
		62A6CE77295B5A7800909C8B /* Network */ = {
			isa = PBXGroup;
			children = (
				62A6CE75295B5A7400909C8B /* NetworkManager.swift */,
				62A6CE78295B5A8B00909C8B /* ModelPhotos.swift */,
				62A6CE7A295B5A9900909C8B /* ImageManager.swift */,
				62A6CE7C295B5AA400909C8B /* ConfigureImage.swift */,
			);
			path = Network;
			sourceTree = "<group>";
		};
		62A6CE80295B5B2000909C8B /* Photos */ = {
			isa = PBXGroup;
			children = (
				62A6CE8C295E070700909C8B /* PhotoVC */,
				62A6CE8F295E073A00909C8B /* DetailVC */,
			);
			path = Photos;
			sourceTree = "<group>";
		};
		62A6CE83295B61E500909C8B /* PhotoViewConrollerAndCell */ = {
			isa = PBXGroup;
			children = (
				62A6CE7E295B5B1200909C8B /* PhotoViewController.swift */,
				62A6CE81295B61DF00909C8B /* PhotoCollectionViewCell.swift */,
			);
			path = PhotoViewConrollerAndCell;
			sourceTree = "<group>";
		};
		62A6CE8C295E070700909C8B /* PhotoVC */ = {
			isa = PBXGroup;
			children = (
				62A6CE83295B61E500909C8B /* PhotoViewConrollerAndCell */,
				62A6CE84295E065800909C8B /* PhotoPresenter.swift */,
				62A6CE86295E067300909C8B /* PhotoInteractor.swift */,
				62A6CE88295E068A00909C8B /* PhotoRouter.swift */,
				62A6CE8A295E06A100909C8B /* PhotoConfigurator.swift */,
			);
			path = PhotoVC;
			sourceTree = "<group>";
		};
		62A6CE8F295E073A00909C8B /* DetailVC */ = {
			isa = PBXGroup;
			children = (
				62A6CE90295E076800909C8B /* DetailViewController.swift */,
				62A6CE92295E078900909C8B /* DetailPresenter.swift */,
				62A6CE94295E079E00909C8B /* DetailInteractor.swift */,
				62A6CE96295E07C100909C8B /* DetailConfigurator.swift */,
				62A6CE98295E07DD00909C8B /* DetailEntity.swift */,
			);
			path = DetailVC;
			sourceTree = "<group>";
		};
		62DBA7E92966F30B00362287 /* Map */ = {
			isa = PBXGroup;
			children = (
				62DBA7E72966F2FF00362287 /* MapViewController.swift */,
			);
			path = Map;
			sourceTree = "<group>";
		};
/* End PBXGroup section */

/* Begin PBXNativeTarget section */
		62A6CE4C2955909E00909C8B /* mySpace */ = {
			isa = PBXNativeTarget;
			buildConfigurationList = 62A6CE61295590A600909C8B /* Build configuration list for PBXNativeTarget "mySpace" */;
			buildPhases = (
				62A6CE492955909E00909C8B /* Sources */,
				62A6CE4A2955909E00909C8B /* Frameworks */,
				62A6CE4B2955909E00909C8B /* Resources */,
			);
			buildRules = (
			);
			dependencies = (
			);
			name = mySpace;
			packageProductDependencies = (
				62A6CE73295B54BF00909C8B /* SnapKit */,
			);
			productName = mySpace;
			productReference = 62A6CE4D2955909E00909C8B /* mySpace.app */;
			productType = "com.apple.product-type.application";
		};
/* End PBXNativeTarget section */

/* Begin PBXProject section */
		62A6CE452955909E00909C8B /* Project object */ = {
			isa = PBXProject;
			attributes = {
				BuildIndependentTargetsInParallel = 1;
				LastSwiftUpdateCheck = 1400;
				LastUpgradeCheck = 1400;
				TargetAttributes = {
					62A6CE4C2955909E00909C8B = {
						CreatedOnToolsVersion = 14.0.1;
					};
				};
			};
			buildConfigurationList = 62A6CE482955909E00909C8B /* Build configuration list for PBXProject "mySpace" */;
			compatibilityVersion = "Xcode 14.0";
			developmentRegion = en;
			hasScannedForEncodings = 0;
			knownRegions = (
				en,
				Base,
			);
			mainGroup = 62A6CE442955909E00909C8B;
			packageReferences = (
				62A6CE72295B54BF00909C8B /* XCRemoteSwiftPackageReference "SnapKit" */,
			);
			productRefGroup = 62A6CE4E2955909E00909C8B /* Products */;
			projectDirPath = "";
			projectRoot = "";
			targets = (
				62A6CE4C2955909E00909C8B /* mySpace */,
			);
		};
/* End PBXProject section */

/* Begin PBXResourcesBuildPhase section */
		62A6CE4B2955909E00909C8B /* Resources */ = {
			isa = PBXResourcesBuildPhase;
			buildActionMask = 2147483647;
			files = (
				62A6CE5D295590A600909C8B /* LaunchScreen.storyboard in Resources */,
				62A6CE5A295590A600909C8B /* Assets.xcassets in Resources */,
			);
			runOnlyForDeploymentPostprocessing = 0;
		};
/* End PBXResourcesBuildPhase section */

/* Begin PBXSourcesBuildPhase section */
		62A6CE492955909E00909C8B /* Sources */ = {
			isa = PBXSourcesBuildPhase;
			buildActionMask = 2147483647;
			files = (
				62A6CE6F2955E71F00909C8B /* NoteViewController.swift in Sources */,
				62A6CE95295E079E00909C8B /* DetailInteractor.swift in Sources */,
				62A6CE85295E065800909C8B /* PhotoPresenter.swift in Sources */,
				62A6CE552955909E00909C8B /* NotesViewController.swift in Sources */,
				62A6CE87295E067300909C8B /* PhotoInteractor.swift in Sources */,
				62A6CE76295B5A7400909C8B /* NetworkManager.swift in Sources */,
				62A6CE93295E078900909C8B /* DetailPresenter.swift in Sources */,
				62A6CE89295E068A00909C8B /* PhotoRouter.swift in Sources */,
				62DBA7E82966F2FF00362287 /* MapViewController.swift in Sources */,
				62A6CE7B295B5A9900909C8B /* ImageManager.swift in Sources */,
				62A6CE91295E076800909C8B /* DetailViewController.swift in Sources */,
				62A6CE97295E07C100909C8B /* DetailConfigurator.swift in Sources */,
				62A6CE682955E11900909C8B /* NotesStore.swift in Sources */,
				62A6CE712959FE9C00909C8B /* MainTabBarViewController.swift in Sources */,
				62A6CE99295E07DD00909C8B /* DetailEntity.swift in Sources */,
				62A6CE7D295B5AA400909C8B /* ConfigureImage.swift in Sources */,
				62A6CE652955945B00909C8B /* Support.swift in Sources */,
				62A6CE512955909E00909C8B /* AppDelegate.swift in Sources */,
				62A6CE532955909E00909C8B /* SceneDelegate.swift in Sources */,
				62A6CE6B2955E41900909C8B /* ProgressViewCell.swift in Sources */,
				62A6CE82295B61DF00909C8B /* PhotoCollectionViewCell.swift in Sources */,
				62A6CE7F295B5B1200909C8B /* PhotoViewController.swift in Sources */,
				62A6CE79295B5A8B00909C8B /* ModelPhotos.swift in Sources */,
				62A6CE8B295E06A100909C8B /* PhotoConfigurator.swift in Sources */,
				62A6CE6D2955E4A700909C8B /* NotesCollectionViewCell.swift in Sources */,
			);
			runOnlyForDeploymentPostprocessing = 0;
		};
/* End PBXSourcesBuildPhase section */

/* Begin PBXVariantGroup section */
		62A6CE5B295590A600909C8B /* LaunchScreen.storyboard */ = {
			isa = PBXVariantGroup;
			children = (
				62A6CE5C295590A600909C8B /* Base */,
			);
			name = LaunchScreen.storyboard;
			sourceTree = "<group>";
		};
/* End PBXVariantGroup section */

/* Begin XCBuildConfiguration section */
		62A6CE5F295590A600909C8B /* Debug */ = {
			isa = XCBuildConfiguration;
			buildSettings = {
				ALWAYS_SEARCH_USER_PATHS = NO;
				CLANG_ANALYZER_NONNULL = YES;
				CLANG_ANALYZER_NUMBER_OBJECT_CONVERSION = YES_AGGRESSIVE;
				CLANG_CXX_LANGUAGE_STANDARD = "gnu++20";
				CLANG_ENABLE_MODULES = YES;
				CLANG_ENABLE_OBJC_ARC = YES;
				CLANG_ENABLE_OBJC_WEAK = YES;
				CLANG_WARN_BLOCK_CAPTURE_AUTORELEASING = YES;
				CLANG_WARN_BOOL_CONVERSION = YES;
				CLANG_WARN_COMMA = YES;
				CLANG_WARN_CONSTANT_CONVERSION = YES;
				CLANG_WARN_DEPRECATED_OBJC_IMPLEMENTATIONS = YES;
				CLANG_WARN_DIRECT_OBJC_ISA_USAGE = YES_ERROR;
				CLANG_WARN_DOCUMENTATION_COMMENTS = YES;
				CLANG_WARN_EMPTY_BODY = YES;
				CLANG_WARN_ENUM_CONVERSION = YES;
				CLANG_WARN_INFINITE_RECURSION = YES;
				CLANG_WARN_INT_CONVERSION = YES;
				CLANG_WARN_NON_LITERAL_NULL_CONVERSION = YES;
				CLANG_WARN_OBJC_IMPLICIT_RETAIN_SELF = YES;
				CLANG_WARN_OBJC_LITERAL_CONVERSION = YES;
				CLANG_WARN_OBJC_ROOT_CLASS = YES_ERROR;
				CLANG_WARN_QUOTED_INCLUDE_IN_FRAMEWORK_HEADER = YES;
				CLANG_WARN_RANGE_LOOP_ANALYSIS = YES;
				CLANG_WARN_STRICT_PROTOTYPES = YES;
				CLANG_WARN_SUSPICIOUS_MOVE = YES;
				CLANG_WARN_UNGUARDED_AVAILABILITY = YES_AGGRESSIVE;
				CLANG_WARN_UNREACHABLE_CODE = YES;
				CLANG_WARN__DUPLICATE_METHOD_MATCH = YES;
				COPY_PHASE_STRIP = NO;
				DEBUG_INFORMATION_FORMAT = dwarf;
				ENABLE_STRICT_OBJC_MSGSEND = YES;
				ENABLE_TESTABILITY = YES;
				GCC_C_LANGUAGE_STANDARD = gnu11;
				GCC_DYNAMIC_NO_PIC = NO;
				GCC_NO_COMMON_BLOCKS = YES;
				GCC_OPTIMIZATION_LEVEL = 0;
				GCC_PREPROCESSOR_DEFINITIONS = (
					"DEBUG=1",
					"$(inherited)",
				);
				GCC_WARN_64_TO_32_BIT_CONVERSION = YES;
				GCC_WARN_ABOUT_RETURN_TYPE = YES_ERROR;
				GCC_WARN_UNDECLARED_SELECTOR = YES;
				GCC_WARN_UNINITIALIZED_AUTOS = YES_AGGRESSIVE;
				GCC_WARN_UNUSED_FUNCTION = YES;
				GCC_WARN_UNUSED_VARIABLE = YES;
				IPHONEOS_DEPLOYMENT_TARGET = 16.0;
				MTL_ENABLE_DEBUG_INFO = INCLUDE_SOURCE;
				MTL_FAST_MATH = YES;
				ONLY_ACTIVE_ARCH = YES;
				SDKROOT = iphoneos;
				SWIFT_ACTIVE_COMPILATION_CONDITIONS = DEBUG;
				SWIFT_OPTIMIZATION_LEVEL = "-Onone";
			};
			name = Debug;
		};
		62A6CE60295590A600909C8B /* Release */ = {
			isa = XCBuildConfiguration;
			buildSettings = {
				ALWAYS_SEARCH_USER_PATHS = NO;
				CLANG_ANALYZER_NONNULL = YES;
				CLANG_ANALYZER_NUMBER_OBJECT_CONVERSION = YES_AGGRESSIVE;
				CLANG_CXX_LANGUAGE_STANDARD = "gnu++20";
				CLANG_ENABLE_MODULES = YES;
				CLANG_ENABLE_OBJC_ARC = YES;
				CLANG_ENABLE_OBJC_WEAK = YES;
				CLANG_WARN_BLOCK_CAPTURE_AUTORELEASING = YES;
				CLANG_WARN_BOOL_CONVERSION = YES;
				CLANG_WARN_COMMA = YES;
				CLANG_WARN_CONSTANT_CONVERSION = YES;
				CLANG_WARN_DEPRECATED_OBJC_IMPLEMENTATIONS = YES;
				CLANG_WARN_DIRECT_OBJC_ISA_USAGE = YES_ERROR;
				CLANG_WARN_DOCUMENTATION_COMMENTS = YES;
				CLANG_WARN_EMPTY_BODY = YES;
				CLANG_WARN_ENUM_CONVERSION = YES;
				CLANG_WARN_INFINITE_RECURSION = YES;
				CLANG_WARN_INT_CONVERSION = YES;
				CLANG_WARN_NON_LITERAL_NULL_CONVERSION = YES;
				CLANG_WARN_OBJC_IMPLICIT_RETAIN_SELF = YES;
				CLANG_WARN_OBJC_LITERAL_CONVERSION = YES;
				CLANG_WARN_OBJC_ROOT_CLASS = YES_ERROR;
				CLANG_WARN_QUOTED_INCLUDE_IN_FRAMEWORK_HEADER = YES;
				CLANG_WARN_RANGE_LOOP_ANALYSIS = YES;
				CLANG_WARN_STRICT_PROTOTYPES = YES;
				CLANG_WARN_SUSPICIOUS_MOVE = YES;
				CLANG_WARN_UNGUARDED_AVAILABILITY = YES_AGGRESSIVE;
				CLANG_WARN_UNREACHABLE_CODE = YES;
				CLANG_WARN__DUPLICATE_METHOD_MATCH = YES;
				COPY_PHASE_STRIP = NO;
				DEBUG_INFORMATION_FORMAT = "dwarf-with-dsym";
				ENABLE_NS_ASSERTIONS = NO;
				ENABLE_STRICT_OBJC_MSGSEND = YES;
				GCC_C_LANGUAGE_STANDARD = gnu11;
				GCC_NO_COMMON_BLOCKS = YES;
				GCC_WARN_64_TO_32_BIT_CONVERSION = YES;
				GCC_WARN_ABOUT_RETURN_TYPE = YES_ERROR;
				GCC_WARN_UNDECLARED_SELECTOR = YES;
				GCC_WARN_UNINITIALIZED_AUTOS = YES_AGGRESSIVE;
				GCC_WARN_UNUSED_FUNCTION = YES;
				GCC_WARN_UNUSED_VARIABLE = YES;
				IPHONEOS_DEPLOYMENT_TARGET = 16.0;
				MTL_ENABLE_DEBUG_INFO = NO;
				MTL_FAST_MATH = YES;
				SDKROOT = iphoneos;
				SWIFT_COMPILATION_MODE = wholemodule;
				SWIFT_OPTIMIZATION_LEVEL = "-O";
				VALIDATE_PRODUCT = YES;
			};
			name = Release;
		};
		62A6CE62295590A600909C8B /* Debug */ = {
			isa = XCBuildConfiguration;
			buildSettings = {
				ASSETCATALOG_COMPILER_APPICON_NAME = AppIcon;
				ASSETCATALOG_COMPILER_GLOBAL_ACCENT_COLOR_NAME = AccentColor;
				CODE_SIGN_STYLE = Automatic;
				CURRENT_PROJECT_VERSION = 1;
				DEVELOPMENT_TEAM = W5WVZM4M3W;
				GENERATE_INFOPLIST_FILE = YES;
				INFOPLIST_FILE = mySpace/Info.plist;
				INFOPLIST_KEY_NSLocationAlwaysAndWhenInUseUsageDescription = "Location is used";
				INFOPLIST_KEY_NSLocationAlwaysUsageDescription = "Location is used";
				INFOPLIST_KEY_NSLocationUsageDescription = "Location is used";
				INFOPLIST_KEY_NSLocationWhenInUseUsageDescription = "Location is used";
				INFOPLIST_KEY_UIApplicationSupportsIndirectInputEvents = YES;
				INFOPLIST_KEY_UILaunchStoryboardName = LaunchScreen.storyboard;
				INFOPLIST_KEY_UIStatusBarStyle = "";
				INFOPLIST_KEY_UISupportedInterfaceOrientations = UIInterfaceOrientationPortrait;
				INFOPLIST_KEY_UISupportedInterfaceOrientations_iPad = "UIInterfaceOrientationLandscapeLeft UIInterfaceOrientationLandscapeRight UIInterfaceOrientationPortrait UIInterfaceOrientationPortraitUpsideDown";
				LD_RUNPATH_SEARCH_PATHS = (
					"$(inherited)",
					"@executable_path/Frameworks",
				);
				MARKETING_VERSION = 1.0;
				PRODUCT_BUNDLE_IDENTIFIER = z10.iOS18.mySpace;
				PRODUCT_NAME = "$(TARGET_NAME)";
				SWIFT_EMIT_LOC_STRINGS = YES;
				SWIFT_VERSION = 5.0;
				TARGETED_DEVICE_FAMILY = "1,2";
			};
			name = Debug;
		};
		62A6CE63295590A600909C8B /* Release */ = {
			isa = XCBuildConfiguration;
			buildSettings = {
				ASSETCATALOG_COMPILER_APPICON_NAME = AppIcon;
				ASSETCATALOG_COMPILER_GLOBAL_ACCENT_COLOR_NAME = AccentColor;
				CODE_SIGN_STYLE = Automatic;
				CURRENT_PROJECT_VERSION = 1;
				DEVELOPMENT_TEAM = W5WVZM4M3W;
				GENERATE_INFOPLIST_FILE = YES;
				INFOPLIST_FILE = mySpace/Info.plist;
				INFOPLIST_KEY_NSLocationAlwaysAndWhenInUseUsageDescription = "Location is used";
				INFOPLIST_KEY_NSLocationAlwaysUsageDescription = "Location is used";
				INFOPLIST_KEY_NSLocationUsageDescription = "Location is used";
				INFOPLIST_KEY_NSLocationWhenInUseUsageDescription = "Location is used";
				INFOPLIST_KEY_UIApplicationSupportsIndirectInputEvents = YES;
				INFOPLIST_KEY_UILaunchStoryboardName = LaunchScreen.storyboard;
				INFOPLIST_KEY_UIStatusBarStyle = "";
				INFOPLIST_KEY_UISupportedInterfaceOrientations = UIInterfaceOrientationPortrait;
				INFOPLIST_KEY_UISupportedInterfaceOrientations_iPad = "UIInterfaceOrientationLandscapeLeft UIInterfaceOrientationLandscapeRight UIInterfaceOrientationPortrait UIInterfaceOrientationPortraitUpsideDown";
				LD_RUNPATH_SEARCH_PATHS = (
					"$(inherited)",
					"@executable_path/Frameworks",
				);
				MARKETING_VERSION = 1.0;
				PRODUCT_BUNDLE_IDENTIFIER = z10.iOS18.mySpace;
				PRODUCT_NAME = "$(TARGET_NAME)";
				SWIFT_EMIT_LOC_STRINGS = YES;
				SWIFT_VERSION = 5.0;
				TARGETED_DEVICE_FAMILY = "1,2";
			};
			name = Release;
		};
/* End XCBuildConfiguration section */

/* Begin XCConfigurationList section */
		62A6CE482955909E00909C8B /* Build configuration list for PBXProject "mySpace" */ = {
			isa = XCConfigurationList;
			buildConfigurations = (
				62A6CE5F295590A600909C8B /* Debug */,
				62A6CE60295590A600909C8B /* Release */,
			);
			defaultConfigurationIsVisible = 0;
			defaultConfigurationName = Release;
		};
		62A6CE61295590A600909C8B /* Build configuration list for PBXNativeTarget "mySpace" */ = {
			isa = XCConfigurationList;
			buildConfigurations = (
				62A6CE62295590A600909C8B /* Debug */,
				62A6CE63295590A600909C8B /* Release */,
			);
			defaultConfigurationIsVisible = 0;
			defaultConfigurationName = Release;
		};
/* End XCConfigurationList section */

/* Begin XCRemoteSwiftPackageReference section */
		62A6CE72295B54BF00909C8B /* XCRemoteSwiftPackageReference "SnapKit" */ = {
			isa = XCRemoteSwiftPackageReference;
			repositoryURL = "https://github.com/SnapKit/SnapKit.git";
			requirement = {
				kind = upToNextMajorVersion;
				minimumVersion = 5.6.0;
			};
		};
/* End XCRemoteSwiftPackageReference section */

/* Begin XCSwiftPackageProductDependency section */
		62A6CE73295B54BF00909C8B /* SnapKit */ = {
			isa = XCSwiftPackageProductDependency;
			package = 62A6CE72295B54BF00909C8B /* XCRemoteSwiftPackageReference "SnapKit" */;
			productName = SnapKit;
		};
/* End XCSwiftPackageProductDependency section */
	};
	rootObject = 62A6CE452955909E00909C8B /* Project object */;
}
